<?xml version="1.0" encoding="utf-8"?>
<Project ToolsVersion="4.0" xmlns="http://schemas.microsoft.com/developer/msbuild/2003">
  <ItemGroup>
    <Filter Include="Source Files">
      <UniqueIdentifier>{4FC737F1-C7A5-4376-A066-2A32D752A2FF}</UniqueIdentifier>
      <Extensions>cpp;c;cc;cxx;def;odl;idl;hpj;bat;asm;asmx</Extensions>
    </Filter>
    <Filter Include="Header Files">
      <UniqueIdentifier>{93995380-89BD-4b04-88EB-625FBE52EBFB}</UniqueIdentifier>
      <Extensions>h;hpp;hxx;hm;inl;inc;xsd</Extensions>
    </Filter>
    <Filter Include="Resource Files">
      <UniqueIdentifier>{67DA6AB6-F800-4c08-8B7A-83BB121AAD01}</UniqueIdentifier>
      <Extensions>rc;ico;cur;bmp;dlg;rc2;rct;bin;rgs;gif;jpg;jpeg;jpe;resx;tiff;tif;png;wav;mfcribbon-ms</Extensions>
    </Filter>
  </ItemGroup>
  <ItemGroup>
    <ClInclude Include="..\source\3dns.h">
      <Filter>Header Files</Filter>
    </ClInclude>
    <ClInclude Include="..\source\Clock.h">
      <Filter>Header Files</Filter>
    </ClInclude>
    <ClInclude Include="..\source\COMPAT.H">
      <Filter>Header Files</Filter>
    </ClInclude>
    <ClInclude Include="..\source\Energy.h">
      <Filter>Header Files</Filter>
    </ClInclude>
    <ClInclude Include="..\source\ERROR.H">
      <Filter>Header Files</Filter>
    </ClInclude>
    <ClInclude Include="..\source\Files.h">
      <Filter>Header Files</Filter>
    </ClInclude>
    <ClInclude Include="..\source\Matrix.h">
      <Filter>Header Files</Filter>
    </ClInclude>
    <ClInclude Include="..\source\MEMORY.H">
      <Filter>Header Files</Filter>
    </ClInclude>
    <ClInclude Include="..\source\Nucleation.h">
      <Filter>Header Files</Filter>
    </ClInclude>
    <ClInclude Include="..\source\Parsefunc.h">
      <Filter>Header Files</Filter>
    </ClInclude>
    <ClInclude Include="..\source\Phase.h">
      <Filter>Header Files</Filter>
    </ClInclude>
    <ClInclude Include="..\source\READDATA.H">
      <Filter>Header Files</Filter>
    </ClInclude>
    <ClInclude Include="..\source\REPORT.H">
      <Filter>Header Files</Filter>
    </ClInclude>
    <ClInclude Include="..\source\Server3DNS.h">
      <Filter>Header Files</Filter>
    </ClInclude>
    <ClInclude Include="..\source\THERMAL.H">
      <Filter>Header Files</Filter>
    </ClInclude>
  </ItemGroup>
  <ItemGroup>
    <ClCompile Include="..\source\3dns.cpp">
      <Filter>Source Files</Filter>
    </ClCompile>
    <ClCompile Include="..\source\Clock.cpp">
      <Filter>Source Files</Filter>
    </ClCompile>
    <ClCompile Include="..\source\COMPAT.CPP">
      <Filter>Source Files</Filter>
    </ClCompile>
    <ClCompile Include="..\source\Energy.cpp">
      <Filter>Source Files</Filter>
    </ClCompile>
    <ClCompile Include="..\source\ERROR.CPP">
      <Filter>Source Files</Filter>
    </ClCompile>
    <ClCompile Include="..\source\Files.cpp">
      <Filter>Source Files</Filter>
    </ClCompile>
    <ClCompile Include="..\source\Matrix.cpp">
      <Filter>Source Files</Filter>
    </ClCompile>
    <ClCompile Include="..\source\MEMORY.CPP">
      <Filter>Source Files</Filter>
    </ClCompile>
    <ClCompile Include="..\source\Nucleation.cpp">
      <Filter>Source Files</Filter>
    </ClCompile>
    <ClCompile Include="..\source\Parsefunc.cpp">
      <Filter>Source Files</Filter>
    </ClCompile>
    <ClCompile Include="..\source\Phase.cpp">
      <Filter>Source Files</Filter>
    </ClCompile>
    <ClCompile Include="..\source\Readdata.cpp">
      <Filter>Source Files</Filter>
    </ClCompile>
    <ClCompile Include="..\source\Report.cpp">
      <Filter>Source Files</Filter>
    </ClCompile>
    <ClCompile Include="..\source\Server3DNS.cpp">
      <Filter>Source Files</Filter>
    </ClCompile>
    <ClCompile Include="..\source\Thermal.cpp">
      <Filter>Source Files</Filter>
    </ClCompile>
  </ItemGroup>
</Project>